
Microsoft Visual Studio Solution File, Format Version 11.00
# Visual Studio 2010
Project("{FAE04EC0-301F-11D3-BF4B-00C04F79EFBC}") = "Calculator", "Calculator\Calculator.csproj", "{1384662E-C6D2-491B-9798-0EEC0C19E840}"
EndProject
Project("{FAE04EC0-301F-11D3-BF4B-00C04F79EFBC}") = "consoleTest", "consoleTest\consoleTest.csproj", "{0E344C79-3316-4D95-BF7D-915B7BD4F076}"
EndProject
Project("{FAE04EC0-301F-11D3-BF4B-00C04F79EFBC}") = "MetaLSyntaxAnalizator", "MetaLSyntaxAnalizator\MetaLSyntaxAnalizator.csproj", "{4B55A19C-C199-4328-8385-46528E83907F}"
EndProject
Project("{FAE04EC0-301F-11D3-BF4B-00C04F79EFBC}") = "MetaLLexems", "ClassLibrary1\MetaLLexems.csproj", "{6F93827C-457A-4170-A654-CF672D342682}"
EndProject
Global
	GlobalSection(SolutionConfigurationPlatforms) = preSolution
		Debug|Any CPU = Debug|Any CPU
		Release|Any CPU = Release|Any CPU
	EndGlobalSection
	GlobalSection(ProjectConfigurationPlatforms) = postSolution
		{1384662E-C6D2-491B-9798-0EEC0C19E840}.Debug|Any CPU.ActiveCfg = Debug|Any CPU
		{1384662E-C6D2-491B-9798-0EEC0C19E840}.Debug|Any CPU.Build.0 = Debug|Any CPU
		{1384662E-C6D2-491B-9798-0EEC0C19E840}.Release|Any CPU.ActiveCfg = Release|Any CPU
		{1384662E-C6D2-491B-9798-0EEC0C19E840}.Release|Any CPU.Build.0 = Release|Any CPU
		{0E344C79-3316-4D95-BF7D-915B7BD4F076}.Debug|Any CPU.ActiveCfg = Debug|Any CPU
		{0E344C79-3316-4D95-BF7D-915B7BD4F076}.Debug|Any CPU.Build.0 = Debug|Any CPU
		{0E344C79-3316-4D95-BF7D-915B7BD4F076}.Release|Any CPU.ActiveCfg = Release|Any CPU
		{0E344C79-3316-4D95-BF7D-915B7BD4F076}.Release|Any CPU.Build.0 = Release|Any CPU
		{4B55A19C-C199-4328-8385-46528E83907F}.Debug|Any CPU.ActiveCfg = Debug|Any CPU
		{4B55A19C-C199-4328-8385-46528E83907F}.Debug|Any CPU.Build.0 = Debug|Any CPU
		{4B55A19C-C199-4328-8385-46528E83907F}.Release|Any CPU.ActiveCfg = Release|Any CPU
		{4B55A19C-C199-4328-8385-46528E83907F}.Release|Any CPU.Build.0 = Release|Any CPU
		{6F93827C-457A-4170-A654-CF672D342682}.Debug|Any CPU.ActiveCfg = Debug|Any CPU
		{6F93827C-457A-4170-A654-CF672D342682}.Debug|Any CPU.Build.0 = Debug|Any CPU
		{6F93827C-457A-4170-A654-CF672D342682}.Release|Any CPU.ActiveCfg = Release|Any CPU
		{6F93827C-457A-4170-A654-CF672D342682}.Release|Any CPU.Build.0 = Release|Any CPU
	EndGlobalSection
	GlobalSection(SolutionProperties) = preSolution
		HideSolutionNode = FALSE
	EndGlobalSection
EndGlobal
